
Microsoft Visual Studio Solution File, Format Version 12.00
# Visual Studio for Mac
Project("{FAE04EC0-301F-11D3-BF4B-00C04F79EFBC}") = "Assembly-CSharp", "Assembly-CSharp.csproj", "{35FF08AD-45B1-362D-1331-54C5C1B5570B}"
EndProject
Project("{FAE04EC0-301F-11D3-BF4B-00C04F79EFBC}") = "Assembly-CSharp-Editor", "Assembly-CSharp-Editor.csproj", "{8412953D-F218-810D-6ED0-1F3B43A91BE2}"
EndProject
Global
	GlobalSection(SolutionConfigurationPlatforms) = preSolution
		Debug|Any CPU = Debug|Any CPU
		Release|Any CPU = Release|Any CPU
	EndGlobalSection
	GlobalSection(ProjectConfigurationPlatforms) = postSolution
		{35FF08AD-45B1-362D-1331-54C5C1B5570B}.Debug|Any CPU.ActiveCfg = Debug|Any CPU
		{35FF08AD-45B1-362D-1331-54C5C1B5570B}.Debug|Any CPU.Build.0 = Debug|Any CPU
		{35FF08AD-45B1-362D-1331-54C5C1B5570B}.Release|Any CPU.ActiveCfg = Release|Any CPU
		{35FF08AD-45B1-362D-1331-54C5C1B5570B}.Release|Any CPU.Build.0 = Release|Any CPU
		{8412953D-F218-810D-6ED0-1F3B43A91BE2}.Debug|Any CPU.ActiveCfg = Debug|Any CPU
		{8412953D-F218-810D-6ED0-1F3B43A91BE2}.Debug|Any CPU.Build.0 = Debug|Any CPU
		{8412953D-F218-810D-6ED0-1F3B43A91BE2}.Release|Any CPU.ActiveCfg = Release|Any CPU
		{8412953D-F218-810D-6ED0-1F3B43A91BE2}.Release|Any CPU.Build.0 = Release|Any CPU
	EndGlobalSection
	GlobalSection(SolutionProperties) = preSolution
		HideSolutionNode = FALSE
	EndGlobalSection
EndGlobal
